// !$*UTF8*$!
{
	archiveVersion = 1;
	classes = {
	};
	objectVersion = 55;
	objects = {

/* Begin PBXBuildFile section */
		143836532A7EBD3600526417 /* main.cpp in Sources */ = {isa = PBXBuildFile; fileRef = 143836522A7EBD3600526417 /* main.cpp */; };
		143836672A7FC88700526417 /* DNSHeader.cpp in Sources */ = {isa = PBXBuildFile; fileRef = 143836652A7FC88700526417 /* DNSHeader.cpp */; };
		1438366A2A7FCD1F00526417 /* DNSQuestion.cpp in Sources */ = {isa = PBXBuildFile; fileRef = 143836682A7FCD1F00526417 /* DNSQuestion.cpp */; };
		1438366D2A80D9B300526417 /* DNSQueryBuilder.cpp in Sources */ = {isa = PBXBuildFile; fileRef = 1438366B2A80D9B300526417 /* DNSQueryBuilder.cpp */; };
		143836702A82E52100526417 /* socket.cpp in Sources */ = {isa = PBXBuildFile; fileRef = 1438366E2A82E52100526417 /* socket.cpp */; };
/* End PBXBuildFile section */

/* Begin PBXCopyFilesBuildPhase section */
		1438364D2A7EBD3600526417 /* CopyFiles */ = {
			isa = PBXCopyFilesBuildPhase;
			buildActionMask = 2147483647;
			dstPath = /usr/share/man/man1/;
			dstSubfolderSpec = 0;
			files = (
			);
			runOnlyForDeploymentPostprocessing = 1;
		};
/* End PBXCopyFilesBuildPhase section */

/* Begin PBXFileReference section */
		1438364F2A7EBD3600526417 /* dns-resolver */ = {isa = PBXFileReference; explicitFileType = "compiled.mach-o.executable"; includeInIndex = 0; path = "dns-resolver"; sourceTree = BUILT_PRODUCTS_DIR; };
		143836522A7EBD3600526417 /* main.cpp */ = {isa = PBXFileReference; lastKnownFileType = sourcecode.cpp.cpp; path = main.cpp; sourceTree = "<group>"; };
		143836652A7FC88700526417 /* DNSHeader.cpp */ = {isa = PBXFileReference; lastKnownFileType = sourcecode.cpp.cpp; path = DNSHeader.cpp; sourceTree = "<group>"; };
		143836662A7FC88700526417 /* DNSHeader.hpp */ = {isa = PBXFileReference; lastKnownFileType = sourcecode.cpp.h; path = DNSHeader.hpp; sourceTree = "<group>"; };
		143836682A7FCD1F00526417 /* DNSQuestion.cpp */ = {isa = PBXFileReference; lastKnownFileType = sourcecode.cpp.cpp; path = DNSQuestion.cpp; sourceTree = "<group>"; };
		143836692A7FCD1F00526417 /* DNSQuestion.hpp */ = {isa = PBXFileReference; lastKnownFileType = sourcecode.cpp.h; path = DNSQuestion.hpp; sourceTree = "<group>"; };
		1438366B2A80D9B300526417 /* DNSQueryBuilder.cpp */ = {isa = PBXFileReference; lastKnownFileType = sourcecode.cpp.cpp; path = DNSQueryBuilder.cpp; sourceTree = "<group>"; };
		1438366C2A80D9B300526417 /* DNSQueryBuilder.hpp */ = {isa = PBXFileReference; lastKnownFileType = sourcecode.cpp.h; path = DNSQueryBuilder.hpp; sourceTree = "<group>"; };
		1438366E2A82E52100526417 /* socket.cpp */ = {isa = PBXFileReference; lastKnownFileType = sourcecode.cpp.cpp; path = socket.cpp; sourceTree = "<group>"; };
		1438366F2A82E52100526417 /* socket.hpp */ = {isa = PBXFileReference; lastKnownFileType = sourcecode.cpp.h; path = socket.hpp; sourceTree = "<group>"; };
/* End PBXFileReference section */

/* Begin PBXFrameworksBuildPhase section */
		1438364C2A7EBD3600526417 /* Frameworks */ = {
			isa = PBXFrameworksBuildPhase;
			buildActionMask = 2147483647;
			files = (
			);
			runOnlyForDeploymentPostprocessing = 0;
		};
/* End PBXFrameworksBuildPhase section */

/* Begin PBXGroup section */
		143836462A7EBD3600526417 = {
			isa = PBXGroup;
			children = (
				143836512A7EBD3600526417 /* dns-resolver */,
				143836502A7EBD3600526417 /* Products */,
			);
			sourceTree = "<group>";
		};
		143836502A7EBD3600526417 /* Products */ = {
			isa = PBXGroup;
			children = (
				1438364F2A7EBD3600526417 /* dns-resolver */,
			);
			name = Products;
			sourceTree = "<group>";
		};
		143836512A7EBD3600526417 /* dns-resolver */ = {
			isa = PBXGroup;
			children = (
				143836642A7FC82500526417 /* src */,
				143836522A7EBD3600526417 /* main.cpp */,
			);
			path = "dns-resolver";
			sourceTree = "<group>";
		};
		143836642A7FC82500526417 /* src */ = {
			isa = PBXGroup;
			children = (
				143836652A7FC88700526417 /* DNSHeader.cpp */,
				143836662A7FC88700526417 /* DNSHeader.hpp */,
				143836682A7FCD1F00526417 /* DNSQuestion.cpp */,
				143836692A7FCD1F00526417 /* DNSQuestion.hpp */,
				1438366B2A80D9B300526417 /* DNSQueryBuilder.cpp */,
				1438366C2A80D9B300526417 /* DNSQueryBuilder.hpp */,
				1438366E2A82E52100526417 /* socket.cpp */,
				1438366F2A82E52100526417 /* socket.hpp */,
			);
			path = src;
			sourceTree = "<group>";
		};
/* End PBXGroup section */

/* Begin PBXNativeTarget section */
		1438364E2A7EBD3600526417 /* dns-resolver */ = {
			isa = PBXNativeTarget;
			buildConfigurationList = 143836562A7EBD3600526417 /* Build configuration list for PBXNativeTarget "dns-resolver" */;
			buildPhases = (
				1438364B2A7EBD3600526417 /* Sources */,
				1438364C2A7EBD3600526417 /* Frameworks */,
				1438364D2A7EBD3600526417 /* CopyFiles */,
			);
			buildRules = (
			);
			dependencies = (
			);
			name = "dns-resolver";
			productName = "dns-resolver";
			productReference = 1438364F2A7EBD3600526417 /* dns-resolver */;
			productType = "com.apple.product-type.tool";
		};
/* End PBXNativeTarget section */

/* Begin PBXProject section */
		143836472A7EBD3600526417 /* Project object */ = {
			isa = PBXProject;
			attributes = {
				BuildIndependentTargetsInParallel = 1;
				LastUpgradeCheck = 1340;
				TargetAttributes = {
					1438364E2A7EBD3600526417 = {
						CreatedOnToolsVersion = 13.4.1;
					};
				};
			};
			buildConfigurationList = 1438364A2A7EBD3600526417 /* Build configuration list for PBXProject "dns-resolver" */;
			compatibilityVersion = "Xcode 13.0";
			developmentRegion = en;
			hasScannedForEncodings = 0;
			knownRegions = (
				en,
				Base,
			);
			mainGroup = 143836462A7EBD3600526417;
			productRefGroup = 143836502A7EBD3600526417 /* Products */;
			projectDirPath = "";
			projectRoot = "";
			targets = (
				1438364E2A7EBD3600526417 /* dns-resolver */,
			);
		};
/* End PBXProject section */

/* Begin PBXSourcesBuildPhase section */
		1438364B2A7EBD3600526417 /* Sources */ = {
			isa = PBXSourcesBuildPhase;
			buildActionMask = 2147483647;
			files = (
				143836672A7FC88700526417 /* DNSHeader.cpp in Sources */,
				143836702A82E52100526417 /* socket.cpp in Sources */,
				143836532A7EBD3600526417 /* main.cpp in Sources */,
				1438366D2A80D9B300526417 /* DNSQueryBuilder.cpp in Sources */,
				1438366A2A7FCD1F00526417 /* DNSQuestion.cpp in Sources */,
			);
			runOnlyForDeploymentPostprocessing = 0;
		};
/* End PBXSourcesBuildPhase section */

/* Begin XCBuildConfiguration section */
		143836542A7EBD3600526417 /* Debug */ = {
			isa = XCBuildConfiguration;
			buildSettings = {
				ALWAYS_SEARCH_USER_PATHS = NO;
				CLANG_ANALYZER_NONNULL = YES;
				CLANG_ANALYZER_NUMBER_OBJECT_CONVERSION = YES_AGGRESSIVE;
				CLANG_CXX_LANGUAGE_STANDARD = "gnu++17";
				CLANG_ENABLE_MODULES = YES;
				CLANG_ENABLE_OBJC_ARC = YES;
				CLANG_ENABLE_OBJC_WEAK = YES;
				CLANG_WARN_BLOCK_CAPTURE_AUTORELEASING = YES;
				CLANG_WARN_BOOL_CONVERSION = YES;
				CLANG_WARN_COMMA = YES;
				CLANG_WARN_CONSTANT_CONVERSION = YES;
				CLANG_WARN_DEPRECATED_OBJC_IMPLEMENTATIONS = YES;
				CLANG_WARN_DIRECT_OBJC_ISA_USAGE = YES_ERROR;
				CLANG_WARN_DOCUMENTATION_COMMENTS = YES;
				CLANG_WARN_EMPTY_BODY = YES;
				CLANG_WARN_ENUM_CONVERSION = YES;
				CLANG_WARN_INFINITE_RECURSION = YES;
				CLANG_WARN_INT_CONVERSION = YES;
				CLANG_WARN_NON_LITERAL_NULL_CONVERSION = YES;
				CLANG_WARN_OBJC_IMPLICIT_RETAIN_SELF = YES;
				CLANG_WARN_OBJC_LITERAL_CONVERSION = YES;
				CLANG_WARN_OBJC_ROOT_CLASS = YES_ERROR;
				CLANG_WARN_QUOTED_INCLUDE_IN_FRAMEWORK_HEADER = YES;
				CLANG_WARN_RANGE_LOOP_ANALYSIS = YES;
				CLANG_WARN_STRICT_PROTOTYPES = YES;
				CLANG_WARN_SUSPICIOUS_MOVE = YES;
				CLANG_WARN_UNGUARDED_AVAILABILITY = YES_AGGRESSIVE;
				CLANG_WARN_UNREACHABLE_CODE = YES;
				CLANG_WARN__DUPLICATE_METHOD_MATCH = YES;
				COPY_PHASE_STRIP = NO;
				DEBUG_INFORMATION_FORMAT = dwarf;
				ENABLE_STRICT_OBJC_MSGSEND = YES;
				ENABLE_TESTABILITY = YES;
				GCC_C_LANGUAGE_STANDARD = gnu11;
				GCC_DYNAMIC_NO_PIC = NO;
				GCC_NO_COMMON_BLOCKS = YES;
				GCC_OPTIMIZATION_LEVEL = 0;
				GCC_PREPROCESSOR_DEFINITIONS = (
					"DEBUG=1",
					"$(inherited)",
				);
				GCC_WARN_64_TO_32_BIT_CONVERSION = YES;
				GCC_WARN_ABOUT_RETURN_TYPE = YES_ERROR;
				GCC_WARN_UNDECLARED_SELECTOR = YES;
				GCC_WARN_UNINITIALIZED_AUTOS = YES_AGGRESSIVE;
				GCC_WARN_UNUSED_FUNCTION = YES;
				GCC_WARN_UNUSED_VARIABLE = YES;
				MACOSX_DEPLOYMENT_TARGET = 12.3;
				MTL_ENABLE_DEBUG_INFO = INCLUDE_SOURCE;
				MTL_FAST_MATH = YES;
				ONLY_ACTIVE_ARCH = YES;
				SDKROOT = macosx;
			};
			name = Debug;
		};
		143836552A7EBD3600526417 /* Release */ = {
			isa = XCBuildConfiguration;
			buildSettings = {
				ALWAYS_SEARCH_USER_PATHS = NO;
				CLANG_ANALYZER_NONNULL = YES;
				CLANG_ANALYZER_NUMBER_OBJECT_CONVERSION = YES_AGGRESSIVE;
				CLANG_CXX_LANGUAGE_STANDARD = "gnu++17";
				CLANG_ENABLE_MODULES = YES;
				CLANG_ENABLE_OBJC_ARC = YES;
				CLANG_ENABLE_OBJC_WEAK = YES;
				CLANG_WARN_BLOCK_CAPTURE_AUTORELEASING = YES;
				CLANG_WARN_BOOL_CONVERSION = YES;
				CLANG_WARN_COMMA = YES;
				CLANG_WARN_CONSTANT_CONVERSION = YES;
				CLANG_WARN_DEPRECATED_OBJC_IMPLEMENTATIONS = YES;
				CLANG_WARN_DIRECT_OBJC_ISA_USAGE = YES_ERROR;
				CLANG_WARN_DOCUMENTATION_COMMENTS = YES;
				CLANG_WARN_EMPTY_BODY = YES;
				CLANG_WARN_ENUM_CONVERSION = YES;
				CLANG_WARN_INFINITE_RECURSION = YES;
				CLANG_WARN_INT_CONVERSION = YES;
				CLANG_WARN_NON_LITERAL_NULL_CONVERSION = YES;
				CLANG_WARN_OBJC_IMPLICIT_RETAIN_SELF = YES;
				CLANG_WARN_OBJC_LITERAL_CONVERSION = YES;
				CLANG_WARN_OBJC_ROOT_CLASS = YES_ERROR;
				CLANG_WARN_QUOTED_INCLUDE_IN_FRAMEWORK_HEADER = YES;
				CLANG_WARN_RANGE_LOOP_ANALYSIS = YES;
				CLANG_WARN_STRICT_PROTOTYPES = YES;
				CLANG_WARN_SUSPICIOUS_MOVE = YES;
				CLANG_WARN_UNGUARDED_AVAILABILITY = YES_AGGRESSIVE;
				CLANG_WARN_UNREACHABLE_CODE = YES;
				CLANG_WARN__DUPLICATE_METHOD_MATCH = YES;
				COPY_PHASE_STRIP = NO;
				DEBUG_INFORMATION_FORMAT = "dwarf-with-dsym";
				ENABLE_NS_ASSERTIONS = NO;
				ENABLE_STRICT_OBJC_MSGSEND = YES;
				GCC_C_LANGUAGE_STANDARD = gnu11;
				GCC_NO_COMMON_BLOCKS = YES;
				GCC_WARN_64_TO_32_BIT_CONVERSION = YES;
				GCC_WARN_ABOUT_RETURN_TYPE = YES_ERROR;
				GCC_WARN_UNDECLARED_SELECTOR = YES;
				GCC_WARN_UNINITIALIZED_AUTOS = YES_AGGRESSIVE;
				GCC_WARN_UNUSED_FUNCTION = YES;
				GCC_WARN_UNUSED_VARIABLE = YES;
				MACOSX_DEPLOYMENT_TARGET = 12.3;
				MTL_ENABLE_DEBUG_INFO = NO;
				MTL_FAST_MATH = YES;
				SDKROOT = macosx;
			};
			name = Release;
		};
		143836572A7EBD3600526417 /* Debug */ = {
			isa = XCBuildConfiguration;
			buildSettings = {
				CODE_SIGN_STYLE = Automatic;
				GCC_WARN_64_TO_32_BIT_CONVERSION = NO;
				PRODUCT_NAME = "$(TARGET_NAME)";
			};
			name = Debug;
		};
		143836582A7EBD3600526417 /* Release */ = {
			isa = XCBuildConfiguration;
			buildSettings = {
				CODE_SIGN_STYLE = Automatic;
				GCC_WARN_64_TO_32_BIT_CONVERSION = NO;
				PRODUCT_NAME = "$(TARGET_NAME)";
			};
			name = Release;
		};
/* End XCBuildConfiguration section */

/* Begin XCConfigurationList section */
		1438364A2A7EBD3600526417 /* Build configuration list for PBXProject "dns-resolver" */ = {
			isa = XCConfigurationList;
			buildConfigurations = (
				143836542A7EBD3600526417 /* Debug */,
				143836552A7EBD3600526417 /* Release */,
			);
			defaultConfigurationIsVisible = 0;
			defaultConfigurationName = Release;
		};
		143836562A7EBD3600526417 /* Build configuration list for PBXNativeTarget "dns-resolver" */ = {
			isa = XCConfigurationList;
			buildConfigurations = (
				143836572A7EBD3600526417 /* Debug */,
				143836582A7EBD3600526417 /* Release */,
			);
			defaultConfigurationIsVisible = 0;
			defaultConfigurationName = Release;
		};
/* End XCConfigurationList section */
	};
	rootObject = 143836472A7EBD3600526417 /* Project object */;
}
